// !$*UTF8*$!
{
	archiveVersion = 1;
	classes = {
	};
	objectVersion = 56;
	objects = {

/* Begin PBXBuildFile section */
		A71FA50D2DB02B67005A05BF /* AnalogApp.swift in Sources */ = {isa = PBXBuildFile; fileRef = A71FA50C2DB02B67005A05BF /* AnalogApp.swift */; };
		A71FA50F2DB02B67005A05BF /* ContentView.swift in Sources */ = {isa = PBXBuildFile; fileRef = A71FA50E2DB02B67005A05BF /* ContentView.swift */; };
		A71FA5112DB02B69005A05BF /* Assets.xcassets in Resources */ = {isa = PBXBuildFile; fileRef = A71FA5102DB02B69005A05BF /* Assets.xcassets */; };
		A71FA5142DB02B69005A05BF /* Preview Assets.xcassets in Resources */ = {isa = PBXBuildFile; fileRef = A71FA5132DB02B69005A05BF /* Preview Assets.xcassets */; };
		A71FA51E2DB02B69005A05BF /* AnalogTests.swift in Sources */ = {isa = PBXBuildFile; fileRef = A71FA51D2DB02B69005A05BF /* AnalogTests.swift */; };
		A71FA5282DB02B69005A05BF /* AnalogUITests.swift in Sources */ = {isa = PBXBuildFile; fileRef = A71FA5272DB02B69005A05BF /* AnalogUITests.swift */; };
		A71FA52A2DB02B69005A05BF /* AnalogUITestsLaunchTests.swift in Sources */ = {isa = PBXBuildFile; fileRef = A71FA5292DB02B69005A05BF /* AnalogUITestsLaunchTests.swift */; };
		A71FA53D2DB02E64005A05BF /* Album.swift in Sources */ = {isa = PBXBuildFile; fileRef = A71FA53C2DB02E64005A05BF /* Album.swift */; };
		A71FA53F2DB02E97005A05BF /* MockAlbumData.swift in Sources */ = {isa = PBXBuildFile; fileRef = A71FA53E2DB02E97005A05BF /* MockAlbumData.swift */; };
		A71FA5422DB02EE4005A05BF /* HomeView.swift in Sources */ = {isa = PBXBuildFile; fileRef = A71FA5412DB02EE4005A05BF /* HomeView.swift */; };
		A71FA5462DB03125005A05BF /* AlbumDetailView.swift in Sources */ = {isa = PBXBuildFile; fileRef = A71FA5452DB03125005A05BF /* AlbumDetailView.swift */; };
		A71FA5482DB032DA005A05BF /* CartItem.swift in Sources */ = {isa = PBXBuildFile; fileRef = A71FA5472DB032DA005A05BF /* CartItem.swift */; };
		A71FA54A2DB03315005A05BF /* CartManager.swift in Sources */ = {isa = PBXBuildFile; fileRef = A71FA5492DB03315005A05BF /* CartManager.swift */; };
		A71FA54C2DB03345005A05BF /* CartView.swift in Sources */ = {isa = PBXBuildFile; fileRef = A71FA54B2DB03345005A05BF /* CartView.swift */; };
		A71FA54E2DB03ABB005A05BF /* Store.swift in Sources */ = {isa = PBXBuildFile; fileRef = A71FA54D2DB03ABB005A05BF /* Store.swift */; };
		A71FA5502DB03AD0005A05BF /* MockStoreData.swift in Sources */ = {isa = PBXBuildFile; fileRef = A71FA54F2DB03AD0005A05BF /* MockStoreData.swift */; };
		A71FA5522DB03AF4005A05BF /* StoreListView.swift in Sources */ = {isa = PBXBuildFile; fileRef = A71FA5512DB03AF4005A05BF /* StoreListView.swift */; };
		A71FA5542DB0415E005A05BF /* GoogleService-Info.plist in Resources */ = {isa = PBXBuildFile; fileRef = A71FA5532DB0415E005A05BF /* GoogleService-Info.plist */; };
		A71FA5572DB043E9005A05BF /* FirebaseAnalytics in Frameworks */ = {isa = PBXBuildFile; productRef = A71FA5562DB043E9005A05BF /* FirebaseAnalytics */; };
		A71FA5592DB043E9005A05BF /* FirebaseAnalyticsSwift in Frameworks */ = {isa = PBXBuildFile; productRef = A71FA5582DB043E9005A05BF /* FirebaseAnalyticsSwift */; };
		A71FA55B2DB043E9005A05BF /* FirebaseAuth in Frameworks */ = {isa = PBXBuildFile; productRef = A71FA55A2DB043E9005A05BF /* FirebaseAuth */; };
		A71FA55D2DB043E9005A05BF /* FirebaseDatabaseSwift in Frameworks */ = {isa = PBXBuildFile; productRef = A71FA55C2DB043E9005A05BF /* FirebaseDatabaseSwift */; };
		A71FA55F2DB043E9005A05BF /* FirebaseFirestore in Frameworks */ = {isa = PBXBuildFile; productRef = A71FA55E2DB043E9005A05BF /* FirebaseFirestore */; };
		A71FA5612DB04A78005A05BF /* AuthViewModel.swift in Sources */ = {isa = PBXBuildFile; fileRef = A71FA5602DB04A78005A05BF /* AuthViewModel.swift */; };
		A71FA5652DB04B7D005A05BF /* LoginView.swift in Sources */ = {isa = PBXBuildFile; fileRef = A71FA5642DB04B7D005A05BF /* LoginView.swift */; };
		A71FA5672DB04BBB005A05BF /* SignupView.swift in Sources */ = {isa = PBXBuildFile; fileRef = A71FA5662DB04BBB005A05BF /* SignupView.swift */; };
		A71FA5692DB04D5F005A05BF /* Order.swift in Sources */ = {isa = PBXBuildFile; fileRef = A71FA5682DB04D5F005A05BF /* Order.swift */; };
		A71FA56B2DB04D7E005A05BF /* OrderManager.swift in Sources */ = {isa = PBXBuildFile; fileRef = A71FA56A2DB04D7E005A05BF /* OrderManager.swift */; };
		A71FA56E2DB05115005A05BF /* FirebaseFirestoreSwift in Frameworks */ = {isa = PBXBuildFile; productRef = A71FA56D2DB05115005A05BF /* FirebaseFirestoreSwift */; };
		A71FA5702DB05405005A05BF /* OrdersView.swift in Sources */ = {isa = PBXBuildFile; fileRef = A71FA56F2DB05405005A05BF /* OrdersView.swift */; };
		A71FA5722DB065B3005A05BF /* SplashView.swift in Sources */ = {isa = PBXBuildFile; fileRef = A71FA5712DB065B3005A05BF /* SplashView.swift */; };
		A77A9C282DB1ABFD003409B2 /* MainPageView.swift in Sources */ = {isa = PBXBuildFile; fileRef = A77A9C272DB1ABFD003409B2 /* MainPageView.swift */; };
		A77A9C2A2DB1AD0D003409B2 /* StoreDetailView.swift in Sources */ = {isa = PBXBuildFile; fileRef = A77A9C292DB1AD0D003409B2 /* StoreDetailView.swift */; };
/* End PBXBuildFile section */

/* Begin PBXContainerItemProxy section */
		A71FA51A2DB02B69005A05BF /* PBXContainerItemProxy */ = {
			isa = PBXContainerItemProxy;
			containerPortal = A71FA5012DB02B67005A05BF /* Project object */;
			proxyType = 1;
			remoteGlobalIDString = A71FA5082DB02B67005A05BF;
			remoteInfo = Analog;
		};
		A71FA5242DB02B69005A05BF /* PBXContainerItemProxy */ = {
			isa = PBXContainerItemProxy;
			containerPortal = A71FA5012DB02B67005A05BF /* Project object */;
			proxyType = 1;
			remoteGlobalIDString = A71FA5082DB02B67005A05BF;
			remoteInfo = Analog;
		};
/* End PBXContainerItemProxy section */

/* Begin PBXFileReference section */
		A71FA5092DB02B67005A05BF /* Analog.app */ = {isa = PBXFileReference; explicitFileType = wrapper.application; includeInIndex = 0; path = Analog.app; sourceTree = BUILT_PRODUCTS_DIR; };
		A71FA50C2DB02B67005A05BF /* AnalogApp.swift */ = {isa = PBXFileReference; lastKnownFileType = sourcecode.swift; path = AnalogApp.swift; sourceTree = "<group>"; };
		A71FA50E2DB02B67005A05BF /* ContentView.swift */ = {isa = PBXFileReference; lastKnownFileType = sourcecode.swift; path = ContentView.swift; sourceTree = "<group>"; };
		A71FA5102DB02B69005A05BF /* Assets.xcassets */ = {isa = PBXFileReference; lastKnownFileType = folder.assetcatalog; path = Assets.xcassets; sourceTree = "<group>"; };
		A71FA5132DB02B69005A05BF /* Preview Assets.xcassets */ = {isa = PBXFileReference; lastKnownFileType = folder.assetcatalog; path = "Preview Assets.xcassets"; sourceTree = "<group>"; };
		A71FA5192DB02B69005A05BF /* AnalogTests.xctest */ = {isa = PBXFileReference; explicitFileType = wrapper.cfbundle; includeInIndex = 0; path = AnalogTests.xctest; sourceTree = BUILT_PRODUCTS_DIR; };
		A71FA51D2DB02B69005A05BF /* AnalogTests.swift */ = {isa = PBXFileReference; lastKnownFileType = sourcecode.swift; path = AnalogTests.swift; sourceTree = "<group>"; };
		A71FA5232DB02B69005A05BF /* AnalogUITests.xctest */ = {isa = PBXFileReference; explicitFileType = wrapper.cfbundle; includeInIndex = 0; path = AnalogUITests.xctest; sourceTree = BUILT_PRODUCTS_DIR; };
		A71FA5272DB02B69005A05BF /* AnalogUITests.swift */ = {isa = PBXFileReference; lastKnownFileType = sourcecode.swift; path = AnalogUITests.swift; sourceTree = "<group>"; };
		A71FA5292DB02B69005A05BF /* AnalogUITestsLaunchTests.swift */ = {isa = PBXFileReference; lastKnownFileType = sourcecode.swift; path = AnalogUITestsLaunchTests.swift; sourceTree = "<group>"; };
		A71FA53C2DB02E64005A05BF /* Album.swift */ = {isa = PBXFileReference; lastKnownFileType = sourcecode.swift; path = Album.swift; sourceTree = "<group>"; };
		A71FA53E2DB02E97005A05BF /* MockAlbumData.swift */ = {isa = PBXFileReference; lastKnownFileType = sourcecode.swift; path = MockAlbumData.swift; sourceTree = "<group>"; };
		A71FA5412DB02EE4005A05BF /* HomeView.swift */ = {isa = PBXFileReference; lastKnownFileType = sourcecode.swift; path = HomeView.swift; sourceTree = "<group>"; };
		A71FA5452DB03125005A05BF /* AlbumDetailView.swift */ = {isa = PBXFileReference; lastKnownFileType = sourcecode.swift; path = AlbumDetailView.swift; sourceTree = "<group>"; };
		A71FA5472DB032DA005A05BF /* CartItem.swift */ = {isa = PBXFileReference; lastKnownFileType = sourcecode.swift; path = CartItem.swift; sourceTree = "<group>"; };
		A71FA5492DB03315005A05BF /* CartManager.swift */ = {isa = PBXFileReference; lastKnownFileType = sourcecode.swift; path = CartManager.swift; sourceTree = "<group>"; };
		A71FA54B2DB03345005A05BF /* CartView.swift */ = {isa = PBXFileReference; lastKnownFileType = sourcecode.swift; path = CartView.swift; sourceTree = "<group>"; };
		A71FA54D2DB03ABB005A05BF /* Store.swift */ = {isa = PBXFileReference; lastKnownFileType = sourcecode.swift; path = Store.swift; sourceTree = "<group>"; };
		A71FA54F2DB03AD0005A05BF /* MockStoreData.swift */ = {isa = PBXFileReference; lastKnownFileType = sourcecode.swift; path = MockStoreData.swift; sourceTree = "<group>"; };
		A71FA5512DB03AF4005A05BF /* StoreListView.swift */ = {isa = PBXFileReference; lastKnownFileType = sourcecode.swift; path = StoreListView.swift; sourceTree = "<group>"; };
		A71FA5532DB0415E005A05BF /* GoogleService-Info.plist */ = {isa = PBXFileReference; fileEncoding = 4; lastKnownFileType = text.plist.xml; path = "GoogleService-Info.plist"; sourceTree = "<group>"; };
		A71FA5602DB04A78005A05BF /* AuthViewModel.swift */ = {isa = PBXFileReference; lastKnownFileType = sourcecode.swift; path = AuthViewModel.swift; sourceTree = "<group>"; };
		A71FA5642DB04B7D005A05BF /* LoginView.swift */ = {isa = PBXFileReference; lastKnownFileType = sourcecode.swift; path = LoginView.swift; sourceTree = "<group>"; };
		A71FA5662DB04BBB005A05BF /* SignupView.swift */ = {isa = PBXFileReference; lastKnownFileType = sourcecode.swift; path = SignupView.swift; sourceTree = "<group>"; };
		A71FA5682DB04D5F005A05BF /* Order.swift */ = {isa = PBXFileReference; lastKnownFileType = sourcecode.swift; path = Order.swift; sourceTree = "<group>"; };
		A71FA56A2DB04D7E005A05BF /* OrderManager.swift */ = {isa = PBXFileReference; lastKnownFileType = sourcecode.swift; path = OrderManager.swift; sourceTree = "<group>"; };
		A71FA56F2DB05405005A05BF /* OrdersView.swift */ = {isa = PBXFileReference; lastKnownFileType = sourcecode.swift; path = OrdersView.swift; sourceTree = "<group>"; };
		A71FA5712DB065B3005A05BF /* SplashView.swift */ = {isa = PBXFileReference; lastKnownFileType = sourcecode.swift; path = SplashView.swift; sourceTree = "<group>"; };
		A77A9C272DB1ABFD003409B2 /* MainPageView.swift */ = {isa = PBXFileReference; lastKnownFileType = sourcecode.swift; path = MainPageView.swift; sourceTree = "<group>"; };
		A77A9C292DB1AD0D003409B2 /* StoreDetailView.swift */ = {isa = PBXFileReference; lastKnownFileType = sourcecode.swift; path = StoreDetailView.swift; sourceTree = "<group>"; };
/* End PBXFileReference section */

/* Begin PBXFrameworksBuildPhase section */
		A71FA5062DB02B67005A05BF /* Frameworks */ = {
			isa = PBXFrameworksBuildPhase;
			buildActionMask = 2147483647;
			files = (
				A71FA55D2DB043E9005A05BF /* FirebaseDatabaseSwift in Frameworks */,
				A71FA5592DB043E9005A05BF /* FirebaseAnalyticsSwift in Frameworks */,
				A71FA55B2DB043E9005A05BF /* FirebaseAuth in Frameworks */,
				A71FA55F2DB043E9005A05BF /* FirebaseFirestore in Frameworks */,
				A71FA5572DB043E9005A05BF /* FirebaseAnalytics in Frameworks */,
				A71FA56E2DB05115005A05BF /* FirebaseFirestoreSwift in Frameworks */,
			);
			runOnlyForDeploymentPostprocessing = 0;
		};
		A71FA5162DB02B69005A05BF /* Frameworks */ = {
			isa = PBXFrameworksBuildPhase;
			buildActionMask = 2147483647;
			files = (
			);
			runOnlyForDeploymentPostprocessing = 0;
		};
		A71FA5202DB02B69005A05BF /* Frameworks */ = {
			isa = PBXFrameworksBuildPhase;
			buildActionMask = 2147483647;
			files = (
			);
			runOnlyForDeploymentPostprocessing = 0;
		};
/* End PBXFrameworksBuildPhase section */

/* Begin PBXGroup section */
		A71FA5002DB02B67005A05BF = {
			isa = PBXGroup;
			children = (
				A71FA50B2DB02B67005A05BF /* Analog */,
				A71FA51C2DB02B69005A05BF /* AnalogTests */,
				A71FA5262DB02B69005A05BF /* AnalogUITests */,
				A71FA50A2DB02B67005A05BF /* Products */,
				A71FA56C2DB05115005A05BF /* Frameworks */,
			);
			sourceTree = "<group>";
		};
		A71FA50A2DB02B67005A05BF /* Products */ = {
			isa = PBXGroup;
			children = (
				A71FA5092DB02B67005A05BF /* Analog.app */,
				A71FA5192DB02B69005A05BF /* AnalogTests.xctest */,
				A71FA5232DB02B69005A05BF /* AnalogUITests.xctest */,
			);
			name = Products;
			sourceTree = "<group>";
		};
		A71FA50B2DB02B67005A05BF /* Analog */ = {
			isa = PBXGroup;
			children = (
				A71FA5532DB0415E005A05BF /* GoogleService-Info.plist */,
				A71FA5402DB02EC9005A05BF /* Views */,
				A71FA5362DB02CB7005A05BF /* Models */,
				A71FA5372DB02CEF005A05BF /* ViewModels */,
				A71FA53B2DB02D91005A05BF /* MockData */,
				A71FA5392DB02D17005A05BF /* Utilities */,
				A71FA53A2DB02D26005A05BF /* Assets.xcassets */,
				A71FA50C2DB02B67005A05BF /* AnalogApp.swift */,
				A71FA50E2DB02B67005A05BF /* ContentView.swift */,
				A71FA5102DB02B69005A05BF /* Assets.xcassets */,
				A71FA5122DB02B69005A05BF /* Preview Content */,
			);
			path = Analog;
			sourceTree = "<group>";
		};
		A71FA5122DB02B69005A05BF /* Preview Content */ = {
			isa = PBXGroup;
			children = (
				A71FA5132DB02B69005A05BF /* Preview Assets.xcassets */,
			);
			path = "Preview Content";
			sourceTree = "<group>";
		};
		A71FA51C2DB02B69005A05BF /* AnalogTests */ = {
			isa = PBXGroup;
			children = (
				A71FA51D2DB02B69005A05BF /* AnalogTests.swift */,
			);
			path = AnalogTests;
			sourceTree = "<group>";
		};
		A71FA5262DB02B69005A05BF /* AnalogUITests */ = {
			isa = PBXGroup;
			children = (
				A71FA5272DB02B69005A05BF /* AnalogUITests.swift */,
				A71FA5292DB02B69005A05BF /* AnalogUITestsLaunchTests.swift */,
			);
			path = AnalogUITests;
			sourceTree = "<group>";
		};
		A71FA5362DB02CB7005A05BF /* Models */ = {
			isa = PBXGroup;
			children = (
				A71FA53C2DB02E64005A05BF /* Album.swift */,
				A71FA5472DB032DA005A05BF /* CartItem.swift */,
				A71FA54D2DB03ABB005A05BF /* Store.swift */,
				A71FA5682DB04D5F005A05BF /* Order.swift */,
			);
			path = Models;
			sourceTree = "<group>";
		};
		A71FA5372DB02CEF005A05BF /* ViewModels */ = {
			isa = PBXGroup;
			children = (
				A71FA5492DB03315005A05BF /* CartManager.swift */,
				A71FA5602DB04A78005A05BF /* AuthViewModel.swift */,
				A71FA56A2DB04D7E005A05BF /* OrderManager.swift */,
			);
			path = ViewModels;
			sourceTree = "<group>";
		};
		A71FA5392DB02D17005A05BF /* Utilities */ = {
			isa = PBXGroup;
			children = (
			);
			path = Utilities;
			sourceTree = "<group>";
		};
		A71FA53A2DB02D26005A05BF /* Assets.xcassets */ = {
			isa = PBXGroup;
			children = (
			);
			name = Assets.xcassets;
			path = ../Assets.xcassets;
			sourceTree = "<group>";
		};
		A71FA53B2DB02D91005A05BF /* MockData */ = {
			isa = PBXGroup;
			children = (
				A71FA53E2DB02E97005A05BF /* MockAlbumData.swift */,
				A71FA54F2DB03AD0005A05BF /* MockStoreData.swift */,
			);
			path = MockData;
			sourceTree = "<group>";
		};
		A71FA5402DB02EC9005A05BF /* Views */ = {
			isa = PBXGroup;
			children = (
				A71FA5412DB02EE4005A05BF /* HomeView.swift */,
				A71FA5452DB03125005A05BF /* AlbumDetailView.swift */,
				A71FA54B2DB03345005A05BF /* CartView.swift */,
				A71FA5512DB03AF4005A05BF /* StoreListView.swift */,
				A71FA5642DB04B7D005A05BF /* LoginView.swift */,
				A71FA5662DB04BBB005A05BF /* SignupView.swift */,
				A71FA56F2DB05405005A05BF /* OrdersView.swift */,
				A71FA5712DB065B3005A05BF /* SplashView.swift */,
				A77A9C272DB1ABFD003409B2 /* MainPageView.swift */,
				A77A9C292DB1AD0D003409B2 /* StoreDetailView.swift */,
			);
			path = Views;
			sourceTree = "<group>";
		};
		A71FA56C2DB05115005A05BF /* Frameworks */ = {
			isa = PBXGroup;
			children = (
			);
			name = Frameworks;
			sourceTree = "<group>";
		};
/* End PBXGroup section */

/* Begin PBXNativeTarget section */
		A71FA5082DB02B67005A05BF /* Analog */ = {
			isa = PBXNativeTarget;
			buildConfigurationList = A71FA52D2DB02B69005A05BF /* Build configuration list for PBXNativeTarget "Analog" */;
			buildPhases = (
				A71FA5052DB02B67005A05BF /* Sources */,
				A71FA5062DB02B67005A05BF /* Frameworks */,
				A71FA5072DB02B67005A05BF /* Resources */,
			);
			buildRules = (
			);
			dependencies = (
			);
			name = Analog;
			packageProductDependencies = (
				A71FA5562DB043E9005A05BF /* FirebaseAnalytics */,
				A71FA5582DB043E9005A05BF /* FirebaseAnalyticsSwift */,
				A71FA55A2DB043E9005A05BF /* FirebaseAuth */,
				A71FA55C2DB043E9005A05BF /* FirebaseDatabaseSwift */,
				A71FA55E2DB043E9005A05BF /* FirebaseFirestore */,
				A71FA56D2DB05115005A05BF /* FirebaseFirestoreSwift */,
			);
			productName = Analog;
			productReference = A71FA5092DB02B67005A05BF /* Analog.app */;
			productType = "com.apple.product-type.application";
		};
		A71FA5182DB02B69005A05BF /* AnalogTests */ = {
			isa = PBXNativeTarget;
			buildConfigurationList = A71FA5302DB02B69005A05BF /* Build configuration list for PBXNativeTarget "AnalogTests" */;
			buildPhases = (
				A71FA5152DB02B69005A05BF /* Sources */,
				A71FA5162DB02B69005A05BF /* Frameworks */,
				A71FA5172DB02B69005A05BF /* Resources */,
			);
			buildRules = (
			);
			dependencies = (
				A71FA51B2DB02B69005A05BF /* PBXTargetDependency */,
			);
			name = AnalogTests;
			productName = AnalogTests;
			productReference = A71FA5192DB02B69005A05BF /* AnalogTests.xctest */;
			productType = "com.apple.product-type.bundle.unit-test";
		};
		A71FA5222DB02B69005A05BF /* AnalogUITests */ = {
			isa = PBXNativeTarget;
			buildConfigurationList = A71FA5332DB02B69005A05BF /* Build configuration list for PBXNativeTarget "AnalogUITests" */;
			buildPhases = (
				A71FA51F2DB02B69005A05BF /* Sources */,
				A71FA5202DB02B69005A05BF /* Frameworks */,
				A71FA5212DB02B69005A05BF /* Resources */,
			);
			buildRules = (
			);
			dependencies = (
				A71FA5252DB02B69005A05BF /* PBXTargetDependency */,
			);
			name = AnalogUITests;
			productName = AnalogUITests;
			productReference = A71FA5232DB02B69005A05BF /* AnalogUITests.xctest */;
			productType = "com.apple.product-type.bundle.ui-testing";
		};
/* End PBXNativeTarget section */

/* Begin PBXProject section */
		A71FA5012DB02B67005A05BF /* Project object */ = {
			isa = PBXProject;
			attributes = {
				BuildIndependentTargetsInParallel = 1;
				LastSwiftUpdateCheck = 1420;
				LastUpgradeCheck = 1420;
				TargetAttributes = {
					A71FA5082DB02B67005A05BF = {
						CreatedOnToolsVersion = 14.2;
					};
					A71FA5182DB02B69005A05BF = {
						CreatedOnToolsVersion = 14.2;
						TestTargetID = A71FA5082DB02B67005A05BF;
					};
					A71FA5222DB02B69005A05BF = {
						CreatedOnToolsVersion = 14.2;
						TestTargetID = A71FA5082DB02B67005A05BF;
					};
				};
			};
			buildConfigurationList = A71FA5042DB02B67005A05BF /* Build configuration list for PBXProject "Analog" */;
			compatibilityVersion = "Xcode 14.0";
			developmentRegion = en;
			hasScannedForEncodings = 0;
			knownRegions = (
				en,
				Base,
			);
			mainGroup = A71FA5002DB02B67005A05BF;
			packageReferences = (
				A71FA5552DB043E9005A05BF /* XCRemoteSwiftPackageReference "firebase-ios-sdk" */,
			);
			productRefGroup = A71FA50A2DB02B67005A05BF /* Products */;
			projectDirPath = "";
			projectRoot = "";
			targets = (
				A71FA5082DB02B67005A05BF /* Analog */,
				A71FA5182DB02B69005A05BF /* AnalogTests */,
				A71FA5222DB02B69005A05BF /* AnalogUITests */,
			);
		};
/* End PBXProject section */

/* Begin PBXResourcesBuildPhase section */
		A71FA5072DB02B67005A05BF /* Resources */ = {
			isa = PBXResourcesBuildPhase;
			buildActionMask = 2147483647;
			files = (
				A71FA5142DB02B69005A05BF /* Preview Assets.xcassets in Resources */,
				A71FA5112DB02B69005A05BF /* Assets.xcassets in Resources */,
				A71FA5542DB0415E005A05BF /* GoogleService-Info.plist in Resources */,
			);
			runOnlyForDeploymentPostprocessing = 0;
		};
		A71FA5172DB02B69005A05BF /* Resources */ = {
			isa = PBXResourcesBuildPhase;
			buildActionMask = 2147483647;
			files = (
			);
			runOnlyForDeploymentPostprocessing = 0;
		};
		A71FA5212DB02B69005A05BF /* Resources */ = {
			isa = PBXResourcesBuildPhase;
			buildActionMask = 2147483647;
			files = (
			);
			runOnlyForDeploymentPostprocessing = 0;
		};
/* End PBXResourcesBuildPhase section */

/* Begin PBXSourcesBuildPhase section */
		A71FA5052DB02B67005A05BF /* Sources */ = {
			isa = PBXSourcesBuildPhase;
			buildActionMask = 2147483647;
			files = (
				A71FA54C2DB03345005A05BF /* CartView.swift in Sources */,
				A71FA50F2DB02B67005A05BF /* ContentView.swift in Sources */,
				A77A9C282DB1ABFD003409B2 /* MainPageView.swift in Sources */,
				A71FA5692DB04D5F005A05BF /* Order.swift in Sources */,
				A71FA5522DB03AF4005A05BF /* StoreListView.swift in Sources */,
				A71FA54A2DB03315005A05BF /* CartManager.swift in Sources */,
				A71FA5462DB03125005A05BF /* AlbumDetailView.swift in Sources */,
				A77A9C2A2DB1AD0D003409B2 /* StoreDetailView.swift in Sources */,
				A71FA50D2DB02B67005A05BF /* AnalogApp.swift in Sources */,
				A71FA5502DB03AD0005A05BF /* MockStoreData.swift in Sources */,
				A71FA54E2DB03ABB005A05BF /* Store.swift in Sources */,
				A71FA56B2DB04D7E005A05BF /* OrderManager.swift in Sources */,
				A71FA5652DB04B7D005A05BF /* LoginView.swift in Sources */,
				A71FA5672DB04BBB005A05BF /* SignupView.swift in Sources */,
				A71FA53D2DB02E64005A05BF /* Album.swift in Sources */,
				A71FA5722DB065B3005A05BF /* SplashView.swift in Sources */,
				A71FA5422DB02EE4005A05BF /* HomeView.swift in Sources */,
				A71FA53F2DB02E97005A05BF /* MockAlbumData.swift in Sources */,
				A71FA5612DB04A78005A05BF /* AuthViewModel.swift in Sources */,
				A71FA5482DB032DA005A05BF /* CartItem.swift in Sources */,
				A71FA5702DB05405005A05BF /* OrdersView.swift in Sources */,
			);
			runOnlyForDeploymentPostprocessing = 0;
		};
		A71FA5152DB02B69005A05BF /* Sources */ = {
			isa = PBXSourcesBuildPhase;
			buildActionMask = 2147483647;
			files = (
				A71FA51E2DB02B69005A05BF /* AnalogTests.swift in Sources */,
			);
			runOnlyForDeploymentPostprocessing = 0;
		};
		A71FA51F2DB02B69005A05BF /* Sources */ = {
			isa = PBXSourcesBuildPhase;
			buildActionMask = 2147483647;
			files = (
				A71FA52A2DB02B69005A05BF /* AnalogUITestsLaunchTests.swift in Sources */,
				A71FA5282DB02B69005A05BF /* AnalogUITests.swift in Sources */,
			);
			runOnlyForDeploymentPostprocessing = 0;
		};
/* End PBXSourcesBuildPhase section */

/* Begin PBXTargetDependency section */
		A71FA51B2DB02B69005A05BF /* PBXTargetDependency */ = {
			isa = PBXTargetDependency;
			target = A71FA5082DB02B67005A05BF /* Analog */;
			targetProxy = A71FA51A2DB02B69005A05BF /* PBXContainerItemProxy */;
		};
		A71FA5252DB02B69005A05BF /* PBXTargetDependency */ = {
			isa = PBXTargetDependency;
			target = A71FA5082DB02B67005A05BF /* Analog */;
			targetProxy = A71FA5242DB02B69005A05BF /* PBXContainerItemProxy */;
		};
/* End PBXTargetDependency section */

/* Begin XCBuildConfiguration section */
		A71FA52B2DB02B69005A05BF /* Debug */ = {
			isa = XCBuildConfiguration;
			buildSettings = {
				ALWAYS_SEARCH_USER_PATHS = NO;
				CLANG_ANALYZER_NONNULL = YES;
				CLANG_ANALYZER_NUMBER_OBJECT_CONVERSION = YES_AGGRESSIVE;
				CLANG_CXX_LANGUAGE_STANDARD = "gnu++20";
				CLANG_ENABLE_MODULES = YES;
				CLANG_ENABLE_OBJC_ARC = YES;
				CLANG_ENABLE_OBJC_WEAK = YES;
				CLANG_WARN_BLOCK_CAPTURE_AUTORELEASING = YES;
				CLANG_WARN_BOOL_CONVERSION = YES;
				CLANG_WARN_COMMA = YES;
				CLANG_WARN_CONSTANT_CONVERSION = YES;
				CLANG_WARN_DEPRECATED_OBJC_IMPLEMENTATIONS = YES;
				CLANG_WARN_DIRECT_OBJC_ISA_USAGE = YES_ERROR;
				CLANG_WARN_DOCUMENTATION_COMMENTS = YES;
				CLANG_WARN_EMPTY_BODY = YES;
				CLANG_WARN_ENUM_CONVERSION = YES;
				CLANG_WARN_INFINITE_RECURSION = YES;
				CLANG_WARN_INT_CONVERSION = YES;
				CLANG_WARN_NON_LITERAL_NULL_CONVERSION = YES;
				CLANG_WARN_OBJC_IMPLICIT_RETAIN_SELF = YES;
				CLANG_WARN_OBJC_LITERAL_CONVERSION = YES;
				CLANG_WARN_OBJC_ROOT_CLASS = YES_ERROR;
				CLANG_WARN_QUOTED_INCLUDE_IN_FRAMEWORK_HEADER = YES;
				CLANG_WARN_RANGE_LOOP_ANALYSIS = YES;
				CLANG_WARN_STRICT_PROTOTYPES = YES;
				CLANG_WARN_SUSPICIOUS_MOVE = YES;
				CLANG_WARN_UNGUARDED_AVAILABILITY = YES_AGGRESSIVE;
				CLANG_WARN_UNREACHABLE_CODE = YES;
				CLANG_WARN__DUPLICATE_METHOD_MATCH = YES;
				COPY_PHASE_STRIP = NO;
				DEBUG_INFORMATION_FORMAT = dwarf;
				ENABLE_STRICT_OBJC_MSGSEND = YES;
				ENABLE_TESTABILITY = YES;
				GCC_C_LANGUAGE_STANDARD = gnu11;
				GCC_DYNAMIC_NO_PIC = NO;
				GCC_NO_COMMON_BLOCKS = YES;
				GCC_OPTIMIZATION_LEVEL = 0;
				GCC_PREPROCESSOR_DEFINITIONS = (
					"DEBUG=1",
					"$(inherited)",
				);
				GCC_WARN_64_TO_32_BIT_CONVERSION = YES;
				GCC_WARN_ABOUT_RETURN_TYPE = YES_ERROR;
				GCC_WARN_UNDECLARED_SELECTOR = YES;
				GCC_WARN_UNINITIALIZED_AUTOS = YES_AGGRESSIVE;
				GCC_WARN_UNUSED_FUNCTION = YES;
				GCC_WARN_UNUSED_VARIABLE = YES;
				IPHONEOS_DEPLOYMENT_TARGET = 16.2;
				MTL_ENABLE_DEBUG_INFO = INCLUDE_SOURCE;
				MTL_FAST_MATH = YES;
				ONLY_ACTIVE_ARCH = YES;
				SDKROOT = iphoneos;
				SWIFT_ACTIVE_COMPILATION_CONDITIONS = DEBUG;
				SWIFT_OPTIMIZATION_LEVEL = "-Onone";
			};
			name = Debug;
		};
		A71FA52C2DB02B69005A05BF /* Release */ = {
			isa = XCBuildConfiguration;
			buildSettings = {
				ALWAYS_SEARCH_USER_PATHS = NO;
				CLANG_ANALYZER_NONNULL = YES;
				CLANG_ANALYZER_NUMBER_OBJECT_CONVERSION = YES_AGGRESSIVE;
				CLANG_CXX_LANGUAGE_STANDARD = "gnu++20";
				CLANG_ENABLE_MODULES = YES;
				CLANG_ENABLE_OBJC_ARC = YES;
				CLANG_ENABLE_OBJC_WEAK = YES;
				CLANG_WARN_BLOCK_CAPTURE_AUTORELEASING = YES;
				CLANG_WARN_BOOL_CONVERSION = YES;
				CLANG_WARN_COMMA = YES;
				CLANG_WARN_CONSTANT_CONVERSION = YES;
				CLANG_WARN_DEPRECATED_OBJC_IMPLEMENTATIONS = YES;
				CLANG_WARN_DIRECT_OBJC_ISA_USAGE = YES_ERROR;
				CLANG_WARN_DOCUMENTATION_COMMENTS = YES;
				CLANG_WARN_EMPTY_BODY = YES;
				CLANG_WARN_ENUM_CONVERSION = YES;
				CLANG_WARN_INFINITE_RECURSION = YES;
				CLANG_WARN_INT_CONVERSION = YES;
				CLANG_WARN_NON_LITERAL_NULL_CONVERSION = YES;
				CLANG_WARN_OBJC_IMPLICIT_RETAIN_SELF = YES;
				CLANG_WARN_OBJC_LITERAL_CONVERSION = YES;
				CLANG_WARN_OBJC_ROOT_CLASS = YES_ERROR;
				CLANG_WARN_QUOTED_INCLUDE_IN_FRAMEWORK_HEADER = YES;
				CLANG_WARN_RANGE_LOOP_ANALYSIS = YES;
				CLANG_WARN_STRICT_PROTOTYPES = YES;
				CLANG_WARN_SUSPICIOUS_MOVE = YES;
				CLANG_WARN_UNGUARDED_AVAILABILITY = YES_AGGRESSIVE;
				CLANG_WARN_UNREACHABLE_CODE = YES;
				CLANG_WARN__DUPLICATE_METHOD_MATCH = YES;
				COPY_PHASE_STRIP = NO;
				DEBUG_INFORMATION_FORMAT = "dwarf-with-dsym";
				ENABLE_NS_ASSERTIONS = NO;
				ENABLE_STRICT_OBJC_MSGSEND = YES;
				GCC_C_LANGUAGE_STANDARD = gnu11;
				GCC_NO_COMMON_BLOCKS = YES;
				GCC_WARN_64_TO_32_BIT_CONVERSION = YES;
				GCC_WARN_ABOUT_RETURN_TYPE = YES_ERROR;
				GCC_WARN_UNDECLARED_SELECTOR = YES;
				GCC_WARN_UNINITIALIZED_AUTOS = YES_AGGRESSIVE;
				GCC_WARN_UNUSED_FUNCTION = YES;
				GCC_WARN_UNUSED_VARIABLE = YES;
				IPHONEOS_DEPLOYMENT_TARGET = 16.2;
				MTL_ENABLE_DEBUG_INFO = NO;
				MTL_FAST_MATH = YES;
				SDKROOT = iphoneos;
				SWIFT_COMPILATION_MODE = wholemodule;
				SWIFT_OPTIMIZATION_LEVEL = "-O";
				VALIDATE_PRODUCT = YES;
			};
			name = Release;
		};
		A71FA52E2DB02B69005A05BF /* Debug */ = {
			isa = XCBuildConfiguration;
			buildSettings = {
				ASSETCATALOG_COMPILER_APPICON_NAME = AppIcon;
				ASSETCATALOG_COMPILER_GLOBAL_ACCENT_COLOR_NAME = AccentColor;
				CODE_SIGN_STYLE = Automatic;
				CURRENT_PROJECT_VERSION = 1;
				DEVELOPMENT_ASSET_PATHS = "\"Analog/Preview Content\"";
				DEVELOPMENT_TEAM = P2JNV7QQSX;
				ENABLE_PREVIEWS = YES;
				GENERATE_INFOPLIST_FILE = YES;
				INFOPLIST_KEY_UIApplicationSceneManifest_Generation = YES;
				INFOPLIST_KEY_UIApplicationSupportsIndirectInputEvents = YES;
				INFOPLIST_KEY_UILaunchScreen_Generation = YES;
				INFOPLIST_KEY_UISupportedInterfaceOrientations_iPad = "UIInterfaceOrientationPortrait UIInterfaceOrientationPortraitUpsideDown UIInterfaceOrientationLandscapeLeft UIInterfaceOrientationLandscapeRight";
				INFOPLIST_KEY_UISupportedInterfaceOrientations_iPhone = "UIInterfaceOrientationPortrait UIInterfaceOrientationLandscapeLeft UIInterfaceOrientationLandscapeRight";
				LD_RUNPATH_SEARCH_PATHS = (
					"$(inherited)",
					"@executable_path/Frameworks",
				);
				MARKETING_VERSION = 1.0;
				PRODUCT_BUNDLE_IDENTIFIER = zain.Analog;
				PRODUCT_NAME = "$(TARGET_NAME)";
				SWIFT_EMIT_LOC_STRINGS = YES;
				SWIFT_VERSION = 5.0;
				TARGETED_DEVICE_FAMILY = "1,2";
			};
			name = Debug;
		};
		A71FA52F2DB02B69005A05BF /* Release */ = {
			isa = XCBuildConfiguration;
			buildSettings = {
				ASSETCATALOG_COMPILER_APPICON_NAME = AppIcon;
				ASSETCATALOG_COMPILER_GLOBAL_ACCENT_COLOR_NAME = AccentColor;
				CODE_SIGN_STYLE = Automatic;
				CURRENT_PROJECT_VERSION = 1;
				DEVELOPMENT_ASSET_PATHS = "\"Analog/Preview Content\"";
				DEVELOPMENT_TEAM = P2JNV7QQSX;
				ENABLE_PREVIEWS = YES;
				GENERATE_INFOPLIST_FILE = YES;
				INFOPLIST_KEY_UIApplicationSceneManifest_Generation = YES;
				INFOPLIST_KEY_UIApplicationSupportsIndirectInputEvents = YES;
				INFOPLIST_KEY_UILaunchScreen_Generation = YES;
				INFOPLIST_KEY_UISupportedInterfaceOrientations_iPad = "UIInterfaceOrientationPortrait UIInterfaceOrientationPortraitUpsideDown UIInterfaceOrientationLandscapeLeft UIInterfaceOrientationLandscapeRight";
				INFOPLIST_KEY_UISupportedInterfaceOrientations_iPhone = "UIInterfaceOrientationPortrait UIInterfaceOrientationLandscapeLeft UIInterfaceOrientationLandscapeRight";
				LD_RUNPATH_SEARCH_PATHS = (
					"$(inherited)",
					"@executable_path/Frameworks",
				);
				MARKETING_VERSION = 1.0;
				PRODUCT_BUNDLE_IDENTIFIER = zain.Analog;
				PRODUCT_NAME = "$(TARGET_NAME)";
				SWIFT_EMIT_LOC_STRINGS = YES;
				SWIFT_VERSION = 5.0;
				TARGETED_DEVICE_FAMILY = "1,2";
			};
			name = Release;
		};
		A71FA5312DB02B69005A05BF /* Debug */ = {
			isa = XCBuildConfiguration;
			buildSettings = {
				ALWAYS_EMBED_SWIFT_STANDARD_LIBRARIES = YES;
				BUNDLE_LOADER = "$(TEST_HOST)";
				CODE_SIGN_STYLE = Automatic;
				CURRENT_PROJECT_VERSION = 1;
				DEVELOPMENT_TEAM = P2JNV7QQSX;
				GENERATE_INFOPLIST_FILE = YES;
				IPHONEOS_DEPLOYMENT_TARGET = 16.2;
				MARKETING_VERSION = 1.0;
				PRODUCT_BUNDLE_IDENTIFIER = zain.AnalogTests;
				PRODUCT_NAME = "$(TARGET_NAME)";
				SWIFT_EMIT_LOC_STRINGS = NO;
				SWIFT_VERSION = 5.0;
				TARGETED_DEVICE_FAMILY = "1,2";
				TEST_HOST = "$(BUILT_PRODUCTS_DIR)/Analog.app/$(BUNDLE_EXECUTABLE_FOLDER_PATH)/Analog";
			};
			name = Debug;
		};
		A71FA5322DB02B69005A05BF /* Release */ = {
			isa = XCBuildConfiguration;
			buildSettings = {
				ALWAYS_EMBED_SWIFT_STANDARD_LIBRARIES = YES;
				BUNDLE_LOADER = "$(TEST_HOST)";
				CODE_SIGN_STYLE = Automatic;
				CURRENT_PROJECT_VERSION = 1;
				DEVELOPMENT_TEAM = P2JNV7QQSX;
				GENERATE_INFOPLIST_FILE = YES;
				IPHONEOS_DEPLOYMENT_TARGET = 16.2;
				MARKETING_VERSION = 1.0;
				PRODUCT_BUNDLE_IDENTIFIER = zain.AnalogTests;
				PRODUCT_NAME = "$(TARGET_NAME)";
				SWIFT_EMIT_LOC_STRINGS = NO;
				SWIFT_VERSION = 5.0;
				TARGETED_DEVICE_FAMILY = "1,2";
				TEST_HOST = "$(BUILT_PRODUCTS_DIR)/Analog.app/$(BUNDLE_EXECUTABLE_FOLDER_PATH)/Analog";
			};
			name = Release;
		};
		A71FA5342DB02B69005A05BF /* Debug */ = {
			isa = XCBuildConfiguration;
			buildSettings = {
				ALWAYS_EMBED_SWIFT_STANDARD_LIBRARIES = YES;
				CODE_SIGN_STYLE = Automatic;
				CURRENT_PROJECT_VERSION = 1;
				DEVELOPMENT_TEAM = P2JNV7QQSX;
				GENERATE_INFOPLIST_FILE = YES;
				MARKETING_VERSION = 1.0;
				PRODUCT_BUNDLE_IDENTIFIER = zain.AnalogUITests;
				PRODUCT_NAME = "$(TARGET_NAME)";
				SWIFT_EMIT_LOC_STRINGS = NO;
				SWIFT_VERSION = 5.0;
				TARGETED_DEVICE_FAMILY = "1,2";
				TEST_TARGET_NAME = Analog;
			};
			name = Debug;
		};
		A71FA5352DB02B69005A05BF /* Release */ = {
			isa = XCBuildConfiguration;
			buildSettings = {
				ALWAYS_EMBED_SWIFT_STANDARD_LIBRARIES = YES;
				CODE_SIGN_STYLE = Automatic;
				CURRENT_PROJECT_VERSION = 1;
				DEVELOPMENT_TEAM = P2JNV7QQSX;
				GENERATE_INFOPLIST_FILE = YES;
				MARKETING_VERSION = 1.0;
				PRODUCT_BUNDLE_IDENTIFIER = zain.AnalogUITests;
				PRODUCT_NAME = "$(TARGET_NAME)";
				SWIFT_EMIT_LOC_STRINGS = NO;
				SWIFT_VERSION = 5.0;
				TARGETED_DEVICE_FAMILY = "1,2";
				TEST_TARGET_NAME = Analog;
			};
			name = Release;
		};
/* End XCBuildConfiguration section */

/* Begin XCConfigurationList section */
		A71FA5042DB02B67005A05BF /* Build configuration list for PBXProject "Analog" */ = {
			isa = XCConfigurationList;
			buildConfigurations = (
				A71FA52B2DB02B69005A05BF /* Debug */,
				A71FA52C2DB02B69005A05BF /* Release */,
			);
			defaultConfigurationIsVisible = 0;
			defaultConfigurationName = Release;
		};
		A71FA52D2DB02B69005A05BF /* Build configuration list for PBXNativeTarget "Analog" */ = {
			isa = XCConfigurationList;
			buildConfigurations = (
				A71FA52E2DB02B69005A05BF /* Debug */,
				A71FA52F2DB02B69005A05BF /* Release */,
			);
			defaultConfigurationIsVisible = 0;
			defaultConfigurationName = Release;
		};
		A71FA5302DB02B69005A05BF /* Build configuration list for PBXNativeTarget "AnalogTests" */ = {
			isa = XCConfigurationList;
			buildConfigurations = (
				A71FA5312DB02B69005A05BF /* Debug */,
				A71FA5322DB02B69005A05BF /* Release */,
			);
			defaultConfigurationIsVisible = 0;
			defaultConfigurationName = Release;
		};
		A71FA5332DB02B69005A05BF /* Build configuration list for PBXNativeTarget "AnalogUITests" */ = {
			isa = XCConfigurationList;
			buildConfigurations = (
				A71FA5342DB02B69005A05BF /* Debug */,
				A71FA5352DB02B69005A05BF /* Release */,
			);
			defaultConfigurationIsVisible = 0;
			defaultConfigurationName = Release;
		};
/* End XCConfigurationList section */

/* Begin XCRemoteSwiftPackageReference section */
		A71FA5552DB043E9005A05BF /* XCRemoteSwiftPackageReference "firebase-ios-sdk" */ = {
			isa = XCRemoteSwiftPackageReference;
			repositoryURL = "https://github.com/firebase/firebase-ios-sdk";
			requirement = {
				kind = upToNextMajorVersion;
				minimumVersion = 9.0.0;
			};
		};
/* End XCRemoteSwiftPackageReference section */

/* Begin XCSwiftPackageProductDependency section */
		A71FA5562DB043E9005A05BF /* FirebaseAnalytics */ = {
			isa = XCSwiftPackageProductDependency;
			package = A71FA5552DB043E9005A05BF /* XCRemoteSwiftPackageReference "firebase-ios-sdk" */;
			productName = FirebaseAnalytics;
		};
		A71FA5582DB043E9005A05BF /* FirebaseAnalyticsSwift */ = {
			isa = XCSwiftPackageProductDependency;
			package = A71FA5552DB043E9005A05BF /* XCRemoteSwiftPackageReference "firebase-ios-sdk" */;
			productName = FirebaseAnalyticsSwift;
		};
		A71FA55A2DB043E9005A05BF /* FirebaseAuth */ = {
			isa = XCSwiftPackageProductDependency;
			package = A71FA5552DB043E9005A05BF /* XCRemoteSwiftPackageReference "firebase-ios-sdk" */;
			productName = FirebaseAuth;
		};
		A71FA55C2DB043E9005A05BF /* FirebaseDatabaseSwift */ = {
			isa = XCSwiftPackageProductDependency;
			package = A71FA5552DB043E9005A05BF /* XCRemoteSwiftPackageReference "firebase-ios-sdk" */;
			productName = FirebaseDatabaseSwift;
		};
		A71FA55E2DB043E9005A05BF /* FirebaseFirestore */ = {
			isa = XCSwiftPackageProductDependency;
			package = A71FA5552DB043E9005A05BF /* XCRemoteSwiftPackageReference "firebase-ios-sdk" */;
			productName = FirebaseFirestore;
		};
		A71FA56D2DB05115005A05BF /* FirebaseFirestoreSwift */ = {
			isa = XCSwiftPackageProductDependency;
			package = A71FA5552DB043E9005A05BF /* XCRemoteSwiftPackageReference "firebase-ios-sdk" */;
			productName = FirebaseFirestoreSwift;
		};
/* End XCSwiftPackageProductDependency section */
	};
	rootObject = A71FA5012DB02B67005A05BF /* Project object */;
}
